
Microsoft Visual Studio Solution File, Format Version 12.00
# Visual Studio Version 16
VisualStudioVersion = 16.0.32510.428
MinimumVisualStudioVersion = 10.0.40219.1
Project("{FAE04EC0-301F-11D3-BF4B-00C04F79EFBC}") = "SFD.Web", "SFD.Web\SFD.Web.csproj", "{EB92D005-C4A8-4FD0-A107-5FE7C4556890}"
EndProject
Global
	GlobalSection(SolutionConfigurationPlatforms) = preSolution
		Debug|Any CPU = Debug|Any CPU
		Release|Any CPU = Release|Any CPU
	EndGlobalSection
	GlobalSection(ProjectConfigurationPlatforms) = postSolution
		{EB92D005-C4A8-4FD0-A107-5FE7C4556890}.Debug|Any CPU.ActiveCfg = Debug|Any CPU
		{EB92D005-C4A8-4FD0-A107-5FE7C4556890}.Debug|Any CPU.Build.0 = Debug|Any CPU
		{EB92D005-C4A8-4FD0-A107-5FE7C4556890}.Release|Any CPU.ActiveCfg = Release|Any CPU
		{EB92D005-C4A8-4FD0-A107-5FE7C4556890}.Release|Any CPU.Build.0 = Release|Any CPU
	EndGlobalSection
	GlobalSection(SolutionProperties) = preSolution
		HideSolutionNode = FALSE
	EndGlobalSection
	GlobalSection(ExtensibilityGlobals) = postSolution
		SolutionGuid = {2881F13E-68C5-4F71-AE46-1925C2D69E86}
	EndGlobalSection
EndGlobal
